
Microsoft Visual Studio Solution File, Format Version 12.00
# Visual Studio 14
VisualStudioVersion = 14.0.25420.1
MinimumVisualStudioVersion = 10.0.40219.1
Project("{FAE04EC0-301F-11D3-BF4B-00C04F79EFBC}") = "Chapter1", "HeadFirstDesignPattern\Chapter1.csproj", "{0134A335-AFA2-43D0-B7F5-CF05037FCBEC}"
EndProject
Project("{FAE04EC0-301F-11D3-BF4B-00C04F79EFBC}") = "Chapter2", "Chapter2\Chapter2.csproj", "{148AE4C4-7D51-434D-9446-6F6625582FBA}"
EndProject
Project("{FAE04EC0-301F-11D3-BF4B-00C04F79EFBC}") = "Chapter3", "Chapter3\Chapter3.csproj", "{4307A81F-3ACB-4BEC-937A-B9C9CE31FEFA}"
EndProject
Project("{FAE04EC0-301F-11D3-BF4B-00C04F79EFBC}") = "Chapter4", "Chapter4\Chapter4.csproj", "{C1108B31-2A4F-4AC4-B5CB-BDAB5865BD8F}"
EndProject
Project("{FAE04EC0-301F-11D3-BF4B-00C04F79EFBC}") = "Chapter6", "Chapter5\Chapter6.csproj", "{8F3A2F68-528A-4E51-9E88-8EE7DD5E38A0}"
EndProject
Global
	GlobalSection(SolutionConfigurationPlatforms) = preSolution
		Debug|Any CPU = Debug|Any CPU
		Release|Any CPU = Release|Any CPU
	EndGlobalSection
	GlobalSection(ProjectConfigurationPlatforms) = postSolution
		{0134A335-AFA2-43D0-B7F5-CF05037FCBEC}.Debug|Any CPU.ActiveCfg = Debug|Any CPU
		{0134A335-AFA2-43D0-B7F5-CF05037FCBEC}.Debug|Any CPU.Build.0 = Debug|Any CPU
		{0134A335-AFA2-43D0-B7F5-CF05037FCBEC}.Release|Any CPU.ActiveCfg = Release|Any CPU
		{0134A335-AFA2-43D0-B7F5-CF05037FCBEC}.Release|Any CPU.Build.0 = Release|Any CPU
		{148AE4C4-7D51-434D-9446-6F6625582FBA}.Debug|Any CPU.ActiveCfg = Debug|Any CPU
		{148AE4C4-7D51-434D-9446-6F6625582FBA}.Debug|Any CPU.Build.0 = Debug|Any CPU
		{148AE4C4-7D51-434D-9446-6F6625582FBA}.Release|Any CPU.ActiveCfg = Release|Any CPU
		{148AE4C4-7D51-434D-9446-6F6625582FBA}.Release|Any CPU.Build.0 = Release|Any CPU
		{4307A81F-3ACB-4BEC-937A-B9C9CE31FEFA}.Debug|Any CPU.ActiveCfg = Debug|Any CPU
		{4307A81F-3ACB-4BEC-937A-B9C9CE31FEFA}.Debug|Any CPU.Build.0 = Debug|Any CPU
		{4307A81F-3ACB-4BEC-937A-B9C9CE31FEFA}.Release|Any CPU.ActiveCfg = Release|Any CPU
		{4307A81F-3ACB-4BEC-937A-B9C9CE31FEFA}.Release|Any CPU.Build.0 = Release|Any CPU
		{C1108B31-2A4F-4AC4-B5CB-BDAB5865BD8F}.Debug|Any CPU.ActiveCfg = Debug|Any CPU
		{C1108B31-2A4F-4AC4-B5CB-BDAB5865BD8F}.Debug|Any CPU.Build.0 = Debug|Any CPU
		{C1108B31-2A4F-4AC4-B5CB-BDAB5865BD8F}.Release|Any CPU.ActiveCfg = Release|Any CPU
		{C1108B31-2A4F-4AC4-B5CB-BDAB5865BD8F}.Release|Any CPU.Build.0 = Release|Any CPU
		{8F3A2F68-528A-4E51-9E88-8EE7DD5E38A0}.Debug|Any CPU.ActiveCfg = Debug|Any CPU
		{8F3A2F68-528A-4E51-9E88-8EE7DD5E38A0}.Debug|Any CPU.Build.0 = Debug|Any CPU
		{8F3A2F68-528A-4E51-9E88-8EE7DD5E38A0}.Release|Any CPU.ActiveCfg = Release|Any CPU
		{8F3A2F68-528A-4E51-9E88-8EE7DD5E38A0}.Release|Any CPU.Build.0 = Release|Any CPU
	EndGlobalSection
	GlobalSection(SolutionProperties) = preSolution
		HideSolutionNode = FALSE
	EndGlobalSection
EndGlobal
